
Microsoft Visual Studio Solution File, Format Version 12.00
# Visual Studio Version 17
VisualStudioVersion = 17.8.34330.188
MinimumVisualStudioVersion = 10.0.40219.1
Project("{FAE04EC0-301F-11D3-BF4B-00C04F79EFBC}") = "ProgramLowisko", "ProgramLowisko\ProgramLowisko.csproj", "{3770A945-F458-402A-BAB8-5E32A35C58E5}"
EndProject
Global
	GlobalSection(SolutionConfigurationPlatforms) = preSolution
		Debug|Any CPU = Debug|Any CPU
		Release|Any CPU = Release|Any CPU
	EndGlobalSection
	GlobalSection(ProjectConfigurationPlatforms) = postSolution
		{3770A945-F458-402A-BAB8-5E32A35C58E5}.Debug|Any CPU.ActiveCfg = Debug|Any CPU
		{3770A945-F458-402A-BAB8-5E32A35C58E5}.Debug|Any CPU.Build.0 = Debug|Any CPU
		{3770A945-F458-402A-BAB8-5E32A35C58E5}.Release|Any CPU.ActiveCfg = Release|Any CPU
		{3770A945-F458-402A-BAB8-5E32A35C58E5}.Release|Any CPU.Build.0 = Release|Any CPU
	EndGlobalSection
	GlobalSection(SolutionProperties) = preSolution
		HideSolutionNode = FALSE
	EndGlobalSection
	GlobalSection(ExtensibilityGlobals) = postSolution
		SolutionGuid = {8B812618-6C81-4967-9013-BD0B438246B5}
	EndGlobalSection
EndGlobal
